<?xml version="1.0" encoding="UTF-8" standalone="yes" ?>
<CodeBlocks_project_file>
	<FileVersion major="1" minor="6" />
	<Project>
		<Option title="Beholder" />
		<Option pch_mode="2" />
		<Option compiler="mingw-w64" />
		<Build>
			<Target title="Debug">
				<Option output="bin/Debug/Beholder" prefix_auto="1" extension_auto="1" />
				<Option object_output="obj/Debug/" />
				<Option type="1" />
				<Option compiler="mingw-w64" />
				<Compiler>
					<Add option="-Wfatal-errors" />
					<Add option="-pg" />
					<Add option="-g" />
				</Compiler>
				<Linker>
					<Add option="-pg -lgmon" />
				</Linker>
			</Target>
		</Build>
		<Compiler>
			<Add option="-std=c++11" />
			<Add option="-Wall" />
			<Add directory="E:/Ohjelmointi/SFML-2.1/include" />
		</Compiler>
		<Linker>
			<Add library="E:\Ohjelmointi\SFML-2.1\lib\libsfml-graphics-d.a" />
			<Add library="E:\Ohjelmointi\SFML-2.1\lib\libsfml-main-d.a" />
			<Add library="E:\Ohjelmointi\SFML-2.1\lib\libsfml-system-d.a" />
			<Add library="E:\Ohjelmointi\SFML-2.1\lib\libsfml-window-d.a" />
			<Add directory="E:/Ohjelmointi/SFML-2.1/lib" />
		</Linker>
		<Unit filename="genetics.cpp" />
		<Unit filename="genetics.h" />
		<Unit filename="ironman.cpp" />
		<Extensions>
			<code_completion />
			<envvars />
			<debugger />
			<lib_finder disable_auto="1" />
		</Extensions>
	</Project>
</CodeBlocks_project_file>
